// !$*UTF8*$!
{
	archiveVersion = 1;
	classes = {
	};
	objectVersion = 56;
	objects = {

/* Begin PBXBuildFile section */
		7903FE2628C4322100245586 /* IkaDecoder.swift in Sources */ = {isa = PBXBuildFile; fileRef = 7903FE2528C4322100245586 /* IkaDecoder.swift */; };
		7903FE2828C4325600245586 /* IkaPublisher.swift in Sources */ = {isa = PBXBuildFile; fileRef = 7903FE2728C4325600245586 /* IkaPublisher.swift */; };
		7903FE2A28C4349E00245586 /* SwiftyJSON.swift in Sources */ = {isa = PBXBuildFile; fileRef = 7903FE2928C4349E00245586 /* SwiftyJSON.swift */; };
		7903FE2C28C4368D00245586 /* ListSeparator.swift in Sources */ = {isa = PBXBuildFile; fileRef = 7903FE2B28C4368D00245586 /* ListSeparator.swift */; };
		7903FE2E28C436D000245586 /* SimpleHaptics.swift in Sources */ = {isa = PBXBuildFile; fileRef = 7903FE2D28C436D000245586 /* SimpleHaptics.swift */; };
		7903FE3028C437F900245586 /* QuickBorder.swift in Sources */ = {isa = PBXBuildFile; fileRef = 7903FE2F28C437F900245586 /* QuickBorder.swift */; };
		7903FE3228C4385B00245586 /* SilhouetteFrame.swift in Sources */ = {isa = PBXBuildFile; fileRef = 7903FE3128C4385B00245586 /* SilhouetteFrame.swift */; };
		7903FE3428C438B400245586 /* FontIka.swift in Sources */ = {isa = PBXBuildFile; fileRef = 7903FE3328C438B400245586 /* FontIka.swift */; };
		7903FE3628C438FC00245586 /* RoundedFont.swift in Sources */ = {isa = PBXBuildFile; fileRef = 7903FE3528C438FC00245586 /* RoundedFont.swift */; };
		7903FE3828C4395600245586 /* ScaledLimitedLine.swift in Sources */ = {isa = PBXBuildFile; fileRef = 7903FE3728C4395600245586 /* ScaledLimitedLine.swift */; };
		7903FE3A28C439A600245586 /* TappableAreaFrame.swift in Sources */ = {isa = PBXBuildFile; fileRef = 7903FE3928C439A600245586 /* TappableAreaFrame.swift */; };
		7903FE3F28C43A0F00245586 /* Splatfont.ttf in Resources */ = {isa = PBXBuildFile; fileRef = 7903FE3C28C43A0F00245586 /* Splatfont.ttf */; };
		7903FE4028C43A0F00245586 /* Inkling_v2.otf in Resources */ = {isa = PBXBuildFile; fileRef = 7903FE3D28C43A0F00245586 /* Inkling_v2.otf */; };
		7903FE4128C43A0F00245586 /* Splatfont2.ttf in Resources */ = {isa = PBXBuildFile; fileRef = 7903FE3E28C43A0F00245586 /* Splatfont2.ttf */; };
		7903FE4328C43AB800245586 /* GrizzcoWeapon.swift in Sources */ = {isa = PBXBuildFile; fileRef = 7903FE4228C43AB800245586 /* GrizzcoWeapon.swift */; };
		7903FE4528C45CE900245586 /* ScrollView+Ext.swift in Sources */ = {isa = PBXBuildFile; fileRef = 7903FE4428C45CE900245586 /* ScrollView+Ext.swift */; };
		7903FE4728C45D8000245586 /* DateFormatter+Ext.swift in Sources */ = {isa = PBXBuildFile; fileRef = 7903FE4628C45D8000245586 /* DateFormatter+Ext.swift */; };
		7903FE4928C45DFC00245586 /* Date+Ext.swift in Sources */ = {isa = PBXBuildFile; fileRef = 7903FE4828C45DFC00245586 /* Date+Ext.swift */; };
		7903FE4B28C45E7D00245586 /* String+Ext.swift in Sources */ = {isa = PBXBuildFile; fileRef = 7903FE4A28C45E7D00245586 /* String+Ext.swift */; };
		7903FE4D28C45ED200245586 /* View+Ext.swift in Sources */ = {isa = PBXBuildFile; fileRef = 7903FE4C28C45ED200245586 /* View+Ext.swift */; };
		7903FE4F28C45F0300245586 /* LocalizedStringKey+Ext.swift in Sources */ = {isa = PBXBuildFile; fileRef = 7903FE4E28C45F0300245586 /* LocalizedStringKey+Ext.swift */; };
		7903FE5128C45F3600245586 /* Color+Ext.swift in Sources */ = {isa = PBXBuildFile; fileRef = 7903FE5028C45F3600245586 /* Color+Ext.swift */; };
		7903FE5328C45F4400245586 /* Binding+Ext.swift in Sources */ = {isa = PBXBuildFile; fileRef = 7903FE5228C45F4400245586 /* Binding+Ext.swift */; };
		7903FE5528C45FC000245586 /* MotionManager.swift in Sources */ = {isa = PBXBuildFile; fileRef = 7903FE5428C45FBF00245586 /* MotionManager.swift */; };
		7903FE5728C460C600245586 /* TimeLength.swift in Sources */ = {isa = PBXBuildFile; fileRef = 7903FE5628C460C600245586 /* TimeLength.swift */; };
		7903FE5928C4613500245586 /* ModalDismissable.swift in Sources */ = {isa = PBXBuildFile; fileRef = 7903FE5828C4613500245586 /* ModalDismissable.swift */; };
		7903FE5B28C4619C00245586 /* UIKitIntegration.swift in Sources */ = {isa = PBXBuildFile; fileRef = 7903FE5A28C4619C00245586 /* UIKitIntegration.swift */; };
		7903FE5F28C4625B00245586 /* SwiftUIBlur.swift in Sources */ = {isa = PBXBuildFile; fileRef = 7903FE5E28C4625B00245586 /* SwiftUIBlur.swift */; };
		7903FE6128C46A1700245586 /* RootView.swift in Sources */ = {isa = PBXBuildFile; fileRef = 7903FE6028C46A1700245586 /* RootView.swift */; };
		7903FE6328C46A3400245586 /* MainView.swift in Sources */ = {isa = PBXBuildFile; fileRef = 7903FE6228C46A3400245586 /* MainView.swift */; };
		7903FE6528C46A4D00245586 /* ErrorView.swift in Sources */ = {isa = PBXBuildFile; fileRef = 7903FE6428C46A4D00245586 /* ErrorView.swift */; };
		7903FE6A28C46C6B00245586 /* BattleRotationListView.swift in Sources */ = {isa = PBXBuildFile; fileRef = 7903FE6928C46C6B00245586 /* BattleRotationListView.swift */; };
		7903FE6C28C46CAF00245586 /* SalmonRotationListView.swift in Sources */ = {isa = PBXBuildFile; fileRef = 7903FE6B28C46CAF00245586 /* SalmonRotationListView.swift */; };
		7903FE6E28C46CD200245586 /* SettingsMainView.swift in Sources */ = {isa = PBXBuildFile; fileRef = 7903FE6D28C46CD200245586 /* SettingsMainView.swift */; };
		7903FE7028C46CEF00245586 /* SettingsAppIconView.swift in Sources */ = {isa = PBXBuildFile; fileRef = 7903FE6F28C46CEF00245586 /* SettingsAppIconView.swift */; };
		7903FE7228C46D1800245586 /* SettingsAboutView.swift in Sources */ = {isa = PBXBuildFile; fileRef = 7903FE7128C46D1800245586 /* SettingsAboutView.swift */; };
		7903FE7428C46D4100245586 /* SettingsCreditsView.swift in Sources */ = {isa = PBXBuildFile; fileRef = 7903FE7328C46D4100245586 /* SettingsCreditsView.swift */; };
		7903FE7628C46D6100245586 /* OnboardingView.swift in Sources */ = {isa = PBXBuildFile; fileRef = 7903FE7528C46D6100245586 /* OnboardingView.swift */; };
		7903FE7F28C46EA500245586 /* BattleRotationRow.swift in Sources */ = {isa = PBXBuildFile; fileRef = 7903FE7E28C46EA500245586 /* BattleRotationRow.swift */; };
		7903FE8128C46F0600245586 /* SalmonRotationRow.swift in Sources */ = {isa = PBXBuildFile; fileRef = 7903FE8028C46F0600245586 /* SalmonRotationRow.swift */; };
		7903FE8328C46F2200245586 /* BattleRotationCell.swift in Sources */ = {isa = PBXBuildFile; fileRef = 7903FE8228C46F2200245586 /* BattleRotationCell.swift */; };
		7903FE8528C46F3E00245586 /* SalmonRotationCell.swift in Sources */ = {isa = PBXBuildFile; fileRef = 7903FE8428C46F3E00245586 /* SalmonRotationCell.swift */; };
		7903FE8728C46F5F00245586 /* BattleRotationStageCard.swift in Sources */ = {isa = PBXBuildFile; fileRef = 7903FE8628C46F5F00245586 /* BattleRotationStageCard.swift */; };
		7903FE8928C46F6B00245586 /* SalmonRotationStageCard.swift in Sources */ = {isa = PBXBuildFile; fileRef = 7903FE8828C46F6B00245586 /* SalmonRotationStageCard.swift */; };
		7903FE8B28C46F7A00245586 /* SalmonRotationWeaponCard.swift in Sources */ = {isa = PBXBuildFile; fileRef = 7903FE8A28C46F7A00245586 /* SalmonRotationWeaponCard.swift */; };
		7903FE8D28C46F9100245586 /* StageTitleLabel.swift in Sources */ = {isa = PBXBuildFile; fileRef = 7903FE8C28C46F9100245586 /* StageTitleLabel.swift */; };
		7903FE9228C4701000245586 /* ModeIconStamp.swift in Sources */ = {isa = PBXBuildFile; fileRef = 7903FE8F28C4701000245586 /* ModeIconStamp.swift */; };
		7903FE9328C4701000245586 /* AutoLoadingOverlay.swift in Sources */ = {isa = PBXBuildFile; fileRef = 7903FE9028C4701000245586 /* AutoLoadingOverlay.swift */; };
		7903FE9428C4701000245586 /* LoadingOverlay.swift in Sources */ = {isa = PBXBuildFile; fileRef = 7903FE9128C4701000245586 /* LoadingOverlay.swift */; };
		7903FE9A28C4702100245586 /* ToolbarSettingsButton.swift in Sources */ = {isa = PBXBuildFile; fileRef = 7903FE9528C4702100245586 /* ToolbarSettingsButton.swift */; };
		7903FE9C28C4702100245586 /* ToolbarGameModeSwitchButton.swift in Sources */ = {isa = PBXBuildFile; fileRef = 7903FE9728C4702100245586 /* ToolbarGameModeSwitchButton.swift */; };
		7903FE9D28C4702100245586 /* ToolbarButtonAlignment.swift in Sources */ = {isa = PBXBuildFile; fileRef = 7903FE9828C4702100245586 /* ToolbarButtonAlignment.swift */; };
		7903FE9E28C4702100245586 /* ToolbarRefreshButton.swift in Sources */ = {isa = PBXBuildFile; fileRef = 7903FE9928C4702100245586 /* ToolbarRefreshButton.swift */; };
		7903FEA228C472E800245586 /* Localizable.strings in Resources */ = {isa = PBXBuildFile; fileRef = 7903FEA428C472E800245586 /* Localizable.strings */; };
		79189B4828C95E75006E78F9 /* OffsettableScrollView.swift in Sources */ = {isa = PBXBuildFile; fileRef = 79189B4728C95E75006E78F9 /* OffsettableScrollView.swift */; };
		792E1FBD28DE89C100C3789D /* SettingsAdvancedView.swift in Sources */ = {isa = PBXBuildFile; fileRef = 792E1FBC28DE89C100C3789D /* SettingsAdvancedView.swift */; };
		797BDCB028C41BD900A13F34 /* BodyApparel.swift in Sources */ = {isa = PBXBuildFile; fileRef = 797BDCAF28C41BD900A13F34 /* BodyApparel.swift */; };
		79802FFA28C55B740048C478 /* ColorSchemeManager.swift in Sources */ = {isa = PBXBuildFile; fileRef = 79802FF928C55B740048C478 /* ColorSchemeManager.swift */; };
		79AA713028C404FD00A91055 /* IkaPreference.swift in Sources */ = {isa = PBXBuildFile; fileRef = 79AA712F28C404FD00A91055 /* IkaPreference.swift */; };
		79AA713228C4052300A91055 /* IkaCatalog.swift in Sources */ = {isa = PBXBuildFile; fileRef = 79AA713128C4052300A91055 /* IkaCatalog.swift */; };
		79AA713428C4056700A91055 /* IkaTimer.swift in Sources */ = {isa = PBXBuildFile; fileRef = 79AA713328C4056700A91055 /* IkaTimer.swift */; };
		79AA713628C4070700A91055 /* IkaStatus.swift in Sources */ = {isa = PBXBuildFile; fileRef = 79AA713528C4070700A91055 /* IkaStatus.swift */; };
		79AA713928C4079900A91055 /* IkaMockData.swift in Sources */ = {isa = PBXBuildFile; fileRef = 79AA713828C4079900A91055 /* IkaMockData.swift */; };
		79AA713C28C407F500A91055 /* IkaError.swift in Sources */ = {isa = PBXBuildFile; fileRef = 79AA713B28C407F500A91055 /* IkaError.swift */; };
		79AA713F28C4085600A91055 /* GameMode.swift in Sources */ = {isa = PBXBuildFile; fileRef = 79AA713E28C4085600A91055 /* GameMode.swift */; };
		79AA714128C4087300A91055 /* BattleMode.swift in Sources */ = {isa = PBXBuildFile; fileRef = 79AA714028C4087300A91055 /* BattleMode.swift */; };
		79AA714428C408B500A91055 /* BattleRule.swift in Sources */ = {isa = PBXBuildFile; fileRef = 79AA714328C408B500A91055 /* BattleRule.swift */; };
		79AA714728C4090A00A91055 /* RotationProtocol.swift in Sources */ = {isa = PBXBuildFile; fileRef = 79AA714628C4090A00A91055 /* RotationProtocol.swift */; };
		79AA714928C4095100A91055 /* BattleRotation.swift in Sources */ = {isa = PBXBuildFile; fileRef = 79AA714828C4095100A91055 /* BattleRotation.swift */; };
		79AA714B28C411EB00A91055 /* BattleRotationDict.swift in Sources */ = {isa = PBXBuildFile; fileRef = 79AA714A28C411EB00A91055 /* BattleRotationDict.swift */; };
		79AA714D28C412E800A91055 /* SalmonRotation.swift in Sources */ = {isa = PBXBuildFile; fileRef = 79AA714C28C412E800A91055 /* SalmonRotation.swift */; };
		79AA715028C413A900A91055 /* BattleStage.swift in Sources */ = {isa = PBXBuildFile; fileRef = 79AA714F28C413A900A91055 /* BattleStage.swift */; };
		79AA715228C4145E00A91055 /* SalmonStage.swift in Sources */ = {isa = PBXBuildFile; fileRef = 79AA715128C4145E00A91055 /* SalmonStage.swift */; };
		79AA715528C414FB00A91055 /* IkaWeapon.swift in Sources */ = {isa = PBXBuildFile; fileRef = 79AA715428C414FB00A91055 /* IkaWeapon.swift */; };
		79AA715728C415A600A91055 /* SalmonWeapon.swift in Sources */ = {isa = PBXBuildFile; fileRef = 79AA715628C415A600A91055 /* SalmonWeapon.swift */; };
		79AA715928C4160D00A91055 /* MysteryWeapon.swift in Sources */ = {isa = PBXBuildFile; fileRef = 79AA715828C4160D00A91055 /* MysteryWeapon.swift */; };
		79B92BB628B03B1F00544939 /* Ikalendar2App.swift in Sources */ = {isa = PBXBuildFile; fileRef = 79B92BB528B03B1F00544939 /* Ikalendar2App.swift */; };
		79B92BB828B03B1F00544939 /* ContentView.swift in Sources */ = {isa = PBXBuildFile; fileRef = 79B92BB728B03B1F00544939 /* ContentView.swift */; };
		79B92BBA28B03B2200544939 /* Assets.xcassets in Resources */ = {isa = PBXBuildFile; fileRef = 79B92BB928B03B2200544939 /* Assets.xcassets */; };
		79B92BCB28B044A200544939 /* .swiftformat in Resources */ = {isa = PBXBuildFile; fileRef = 79B92BCA28B044A200544939 /* .swiftformat */; };
		79B92BCD28B044B400544939 /* .swiftlint.yml in Resources */ = {isa = PBXBuildFile; fileRef = 79B92BCC28B044B400544939 /* .swiftlint.yml */; };
		79C1485828C427B300587C6E /* Constants.swift in Sources */ = {isa = PBXBuildFile; fileRef = 79C1485728C427B300587C6E /* Constants.swift */; };
		79C1485A28C42A3B00587C6E /* KeyConstants.swift in Sources */ = {isa = PBXBuildFile; fileRef = 79C1485928C42A3B00587C6E /* KeyConstants.swift */; };
		79C1485C28C42CDE00587C6E /* StyleConstants.swift in Sources */ = {isa = PBXBuildFile; fileRef = 79C1485B28C42CDE00587C6E /* StyleConstants.swift */; };
		79D3E66F28C41CCE00005DB5 /* FootApparel.swift in Sources */ = {isa = PBXBuildFile; fileRef = 79D3E66E28C41CCE00005DB5 /* FootApparel.swift */; };
		79D3E67128C41D7B00005DB5 /* SalmonApparel.swift in Sources */ = {isa = PBXBuildFile; fileRef = 79D3E67028C41D7B00005DB5 /* SalmonApparel.swift */; };
		79D3E67328C41DD900005DB5 /* HeadApparel.swift in Sources */ = {isa = PBXBuildFile; fileRef = 79D3E67228C41DD900005DB5 /* HeadApparel.swift */; };
/* End PBXBuildFile section */

/* Begin PBXFileReference section */
		7903FE2528C4322100245586 /* IkaDecoder.swift */ = {isa = PBXFileReference; lastKnownFileType = sourcecode.swift; path = IkaDecoder.swift; sourceTree = "<group>"; };
		7903FE2728C4325600245586 /* IkaPublisher.swift */ = {isa = PBXFileReference; lastKnownFileType = sourcecode.swift; path = IkaPublisher.swift; sourceTree = "<group>"; };
		7903FE2928C4349E00245586 /* SwiftyJSON.swift */ = {isa = PBXFileReference; lastKnownFileType = sourcecode.swift; path = SwiftyJSON.swift; sourceTree = "<group>"; };
		7903FE2B28C4368D00245586 /* ListSeparator.swift */ = {isa = PBXFileReference; lastKnownFileType = sourcecode.swift; path = ListSeparator.swift; sourceTree = "<group>"; };
		7903FE2D28C436D000245586 /* SimpleHaptics.swift */ = {isa = PBXFileReference; lastKnownFileType = sourcecode.swift; path = SimpleHaptics.swift; sourceTree = "<group>"; };
		7903FE2F28C437F900245586 /* QuickBorder.swift */ = {isa = PBXFileReference; lastKnownFileType = sourcecode.swift; path = QuickBorder.swift; sourceTree = "<group>"; };
		7903FE3128C4385B00245586 /* SilhouetteFrame.swift */ = {isa = PBXFileReference; lastKnownFileType = sourcecode.swift; path = SilhouetteFrame.swift; sourceTree = "<group>"; };
		7903FE3328C438B400245586 /* FontIka.swift */ = {isa = PBXFileReference; lastKnownFileType = sourcecode.swift; path = FontIka.swift; sourceTree = "<group>"; };
		7903FE3528C438FC00245586 /* RoundedFont.swift */ = {isa = PBXFileReference; lastKnownFileType = sourcecode.swift; path = RoundedFont.swift; sourceTree = "<group>"; };
		7903FE3728C4395600245586 /* ScaledLimitedLine.swift */ = {isa = PBXFileReference; lastKnownFileType = sourcecode.swift; path = ScaledLimitedLine.swift; sourceTree = "<group>"; };
		7903FE3928C439A600245586 /* TappableAreaFrame.swift */ = {isa = PBXFileReference; lastKnownFileType = sourcecode.swift; path = TappableAreaFrame.swift; sourceTree = "<group>"; };
		7903FE3C28C43A0F00245586 /* Splatfont.ttf */ = {isa = PBXFileReference; lastKnownFileType = file; path = Splatfont.ttf; sourceTree = "<group>"; };
		7903FE3D28C43A0F00245586 /* Inkling_v2.otf */ = {isa = PBXFileReference; lastKnownFileType = file; path = Inkling_v2.otf; sourceTree = "<group>"; };
		7903FE3E28C43A0F00245586 /* Splatfont2.ttf */ = {isa = PBXFileReference; lastKnownFileType = file; path = Splatfont2.ttf; sourceTree = "<group>"; };
		7903FE4228C43AB800245586 /* GrizzcoWeapon.swift */ = {isa = PBXFileReference; lastKnownFileType = sourcecode.swift; path = GrizzcoWeapon.swift; sourceTree = "<group>"; };
		7903FE4428C45CE900245586 /* ScrollView+Ext.swift */ = {isa = PBXFileReference; lastKnownFileType = sourcecode.swift; path = "ScrollView+Ext.swift"; sourceTree = "<group>"; };
		7903FE4628C45D8000245586 /* DateFormatter+Ext.swift */ = {isa = PBXFileReference; lastKnownFileType = sourcecode.swift; path = "DateFormatter+Ext.swift"; sourceTree = "<group>"; };
		7903FE4828C45DFC00245586 /* Date+Ext.swift */ = {isa = PBXFileReference; lastKnownFileType = sourcecode.swift; path = "Date+Ext.swift"; sourceTree = "<group>"; };
		7903FE4A28C45E7D00245586 /* String+Ext.swift */ = {isa = PBXFileReference; lastKnownFileType = sourcecode.swift; path = "String+Ext.swift"; sourceTree = "<group>"; };
		7903FE4C28C45ED200245586 /* View+Ext.swift */ = {isa = PBXFileReference; lastKnownFileType = sourcecode.swift; path = "View+Ext.swift"; sourceTree = "<group>"; };
		7903FE4E28C45F0300245586 /* LocalizedStringKey+Ext.swift */ = {isa = PBXFileReference; lastKnownFileType = sourcecode.swift; path = "LocalizedStringKey+Ext.swift"; sourceTree = "<group>"; };
		7903FE5028C45F3600245586 /* Color+Ext.swift */ = {isa = PBXFileReference; lastKnownFileType = sourcecode.swift; path = "Color+Ext.swift"; sourceTree = "<group>"; };
		7903FE5228C45F4400245586 /* Binding+Ext.swift */ = {isa = PBXFileReference; lastKnownFileType = sourcecode.swift; path = "Binding+Ext.swift"; sourceTree = "<group>"; };
		7903FE5428C45FBF00245586 /* MotionManager.swift */ = {isa = PBXFileReference; lastKnownFileType = sourcecode.swift; path = MotionManager.swift; sourceTree = "<group>"; };
		7903FE5628C460C600245586 /* TimeLength.swift */ = {isa = PBXFileReference; lastKnownFileType = sourcecode.swift; path = TimeLength.swift; sourceTree = "<group>"; };
		7903FE5828C4613500245586 /* ModalDismissable.swift */ = {isa = PBXFileReference; lastKnownFileType = sourcecode.swift; path = ModalDismissable.swift; sourceTree = "<group>"; };
		7903FE5A28C4619C00245586 /* UIKitIntegration.swift */ = {isa = PBXFileReference; lastKnownFileType = sourcecode.swift; path = UIKitIntegration.swift; sourceTree = "<group>"; };
		7903FE5E28C4625B00245586 /* SwiftUIBlur.swift */ = {isa = PBXFileReference; lastKnownFileType = sourcecode.swift; path = SwiftUIBlur.swift; sourceTree = "<group>"; };
		7903FE6028C46A1700245586 /* RootView.swift */ = {isa = PBXFileReference; lastKnownFileType = sourcecode.swift; path = RootView.swift; sourceTree = "<group>"; };
		7903FE6228C46A3400245586 /* MainView.swift */ = {isa = PBXFileReference; lastKnownFileType = sourcecode.swift; path = MainView.swift; sourceTree = "<group>"; };
		7903FE6428C46A4D00245586 /* ErrorView.swift */ = {isa = PBXFileReference; lastKnownFileType = sourcecode.swift; path = ErrorView.swift; sourceTree = "<group>"; };
		7903FE6928C46C6B00245586 /* BattleRotationListView.swift */ = {isa = PBXFileReference; lastKnownFileType = sourcecode.swift; path = BattleRotationListView.swift; sourceTree = "<group>"; };
		7903FE6B28C46CAF00245586 /* SalmonRotationListView.swift */ = {isa = PBXFileReference; lastKnownFileType = sourcecode.swift; path = SalmonRotationListView.swift; sourceTree = "<group>"; };
		7903FE6D28C46CD200245586 /* SettingsMainView.swift */ = {isa = PBXFileReference; lastKnownFileType = sourcecode.swift; path = SettingsMainView.swift; sourceTree = "<group>"; };
		7903FE6F28C46CEF00245586 /* SettingsAppIconView.swift */ = {isa = PBXFileReference; lastKnownFileType = sourcecode.swift; path = SettingsAppIconView.swift; sourceTree = "<group>"; };
		7903FE7128C46D1800245586 /* SettingsAboutView.swift */ = {isa = PBXFileReference; lastKnownFileType = sourcecode.swift; path = SettingsAboutView.swift; sourceTree = "<group>"; };
		7903FE7328C46D4100245586 /* SettingsCreditsView.swift */ = {isa = PBXFileReference; lastKnownFileType = sourcecode.swift; path = SettingsCreditsView.swift; sourceTree = "<group>"; };
		7903FE7528C46D6100245586 /* OnboardingView.swift */ = {isa = PBXFileReference; lastKnownFileType = sourcecode.swift; path = OnboardingView.swift; sourceTree = "<group>"; };
		7903FE7E28C46EA500245586 /* BattleRotationRow.swift */ = {isa = PBXFileReference; lastKnownFileType = sourcecode.swift; path = BattleRotationRow.swift; sourceTree = "<group>"; };
		7903FE8028C46F0600245586 /* SalmonRotationRow.swift */ = {isa = PBXFileReference; lastKnownFileType = sourcecode.swift; path = SalmonRotationRow.swift; sourceTree = "<group>"; };
		7903FE8228C46F2200245586 /* BattleRotationCell.swift */ = {isa = PBXFileReference; lastKnownFileType = sourcecode.swift; path = BattleRotationCell.swift; sourceTree = "<group>"; };
		7903FE8428C46F3E00245586 /* SalmonRotationCell.swift */ = {isa = PBXFileReference; lastKnownFileType = sourcecode.swift; path = SalmonRotationCell.swift; sourceTree = "<group>"; };
		7903FE8628C46F5F00245586 /* BattleRotationStageCard.swift */ = {isa = PBXFileReference; lastKnownFileType = sourcecode.swift; path = BattleRotationStageCard.swift; sourceTree = "<group>"; };
		7903FE8828C46F6B00245586 /* SalmonRotationStageCard.swift */ = {isa = PBXFileReference; lastKnownFileType = sourcecode.swift; path = SalmonRotationStageCard.swift; sourceTree = "<group>"; };
		7903FE8A28C46F7A00245586 /* SalmonRotationWeaponCard.swift */ = {isa = PBXFileReference; lastKnownFileType = sourcecode.swift; path = SalmonRotationWeaponCard.swift; sourceTree = "<group>"; };
		7903FE8C28C46F9100245586 /* StageTitleLabel.swift */ = {isa = PBXFileReference; lastKnownFileType = sourcecode.swift; path = StageTitleLabel.swift; sourceTree = "<group>"; };
		7903FE8F28C4701000245586 /* ModeIconStamp.swift */ = {isa = PBXFileReference; fileEncoding = 4; lastKnownFileType = sourcecode.swift; path = ModeIconStamp.swift; sourceTree = "<group>"; };
		7903FE9028C4701000245586 /* AutoLoadingOverlay.swift */ = {isa = PBXFileReference; fileEncoding = 4; lastKnownFileType = sourcecode.swift; path = AutoLoadingOverlay.swift; sourceTree = "<group>"; };
		7903FE9128C4701000245586 /* LoadingOverlay.swift */ = {isa = PBXFileReference; fileEncoding = 4; lastKnownFileType = sourcecode.swift; path = LoadingOverlay.swift; sourceTree = "<group>"; };
		7903FE9528C4702100245586 /* ToolbarSettingsButton.swift */ = {isa = PBXFileReference; fileEncoding = 4; lastKnownFileType = sourcecode.swift; path = ToolbarSettingsButton.swift; sourceTree = "<group>"; };
		7903FE9728C4702100245586 /* ToolbarGameModeSwitchButton.swift */ = {isa = PBXFileReference; fileEncoding = 4; lastKnownFileType = sourcecode.swift; path = ToolbarGameModeSwitchButton.swift; sourceTree = "<group>"; };
		7903FE9828C4702100245586 /* ToolbarButtonAlignment.swift */ = {isa = PBXFileReference; fileEncoding = 4; lastKnownFileType = sourcecode.swift; path = ToolbarButtonAlignment.swift; sourceTree = "<group>"; };
		7903FE9928C4702100245586 /* ToolbarRefreshButton.swift */ = {isa = PBXFileReference; fileEncoding = 4; lastKnownFileType = sourcecode.swift; path = ToolbarRefreshButton.swift; sourceTree = "<group>"; };
		7903FEA328C472E800245586 /* en */ = {isa = PBXFileReference; lastKnownFileType = text.plist.strings; name = en; path = en.lproj/Localizable.strings; sourceTree = "<group>"; };
		7903FEA528C472EB00245586 /* ja */ = {isa = PBXFileReference; lastKnownFileType = text.plist.strings; name = ja; path = ja.lproj/Localizable.strings; sourceTree = "<group>"; };
		79189B4728C95E75006E78F9 /* OffsettableScrollView.swift */ = {isa = PBXFileReference; lastKnownFileType = sourcecode.swift; path = OffsettableScrollView.swift; sourceTree = "<group>"; };
		792E1FBC28DE89C100C3789D /* SettingsAdvancedView.swift */ = {isa = PBXFileReference; lastKnownFileType = sourcecode.swift; path = SettingsAdvancedView.swift; sourceTree = "<group>"; };
		797BDCAF28C41BD900A13F34 /* BodyApparel.swift */ = {isa = PBXFileReference; lastKnownFileType = sourcecode.swift; path = BodyApparel.swift; sourceTree = "<group>"; };
		79802FED28C55B2A0048C478 /* Deprecated-Publisher.swift */ = {isa = PBXFileReference; lastKnownFileType = sourcecode.swift; path = "Deprecated-Publisher.swift"; sourceTree = "<group>"; };
		79802FEF28C55B2A0048C478 /* RuleDetailView.swift */ = {isa = PBXFileReference; lastKnownFileType = sourcecode.swift; path = RuleDetailView.swift; sourceTree = "<group>"; };
		79802FF028C55B2A0048C478 /* StageDetailView.swift */ = {isa = PBXFileReference; lastKnownFileType = sourcecode.swift; path = StageDetailView.swift; sourceTree = "<group>"; };
		79802FF228C55B2A0048C478 /* MapView.swift */ = {isa = PBXFileReference; lastKnownFileType = sourcecode.swift; path = MapView.swift; sourceTree = "<group>"; };
		79802FF328C55B2A0048C478 /* CircleImage.swift */ = {isa = PBXFileReference; lastKnownFileType = sourcecode.swift; path = CircleImage.swift; sourceTree = "<group>"; };
		79802FF428C55B2A0048C478 /* Coordinate2D.swift */ = {isa = PBXFileReference; lastKnownFileType = sourcecode.swift; path = Coordinate2D.swift; sourceTree = "<group>"; };
		79802FF628C55B2A0048C478 /* NetworkManager.swift */ = {isa = PBXFileReference; lastKnownFileType = sourcecode.swift; path = NetworkManager.swift; sourceTree = "<group>"; };
		79802FF728C55B2A0048C478 /* SidebarView.swift */ = {isa = PBXFileReference; lastKnownFileType = sourcecode.swift; path = SidebarView.swift; sourceTree = "<group>"; };
		79802FF828C55B2A0048C478 /* FlatMode.swift */ = {isa = PBXFileReference; lastKnownFileType = sourcecode.swift; path = FlatMode.swift; sourceTree = "<group>"; };
		79802FF928C55B740048C478 /* ColorSchemeManager.swift */ = {isa = PBXFileReference; lastKnownFileType = sourcecode.swift; path = ColorSchemeManager.swift; sourceTree = "<group>"; };
		79AA712F28C404FD00A91055 /* IkaPreference.swift */ = {isa = PBXFileReference; lastKnownFileType = sourcecode.swift; path = IkaPreference.swift; sourceTree = "<group>"; };
		79AA713128C4052300A91055 /* IkaCatalog.swift */ = {isa = PBXFileReference; lastKnownFileType = sourcecode.swift; path = IkaCatalog.swift; sourceTree = "<group>"; };
		79AA713328C4056700A91055 /* IkaTimer.swift */ = {isa = PBXFileReference; lastKnownFileType = sourcecode.swift; path = IkaTimer.swift; sourceTree = "<group>"; };
		79AA713528C4070700A91055 /* IkaStatus.swift */ = {isa = PBXFileReference; lastKnownFileType = sourcecode.swift; path = IkaStatus.swift; sourceTree = "<group>"; };
		79AA713828C4079900A91055 /* IkaMockData.swift */ = {isa = PBXFileReference; lastKnownFileType = sourcecode.swift; path = IkaMockData.swift; sourceTree = "<group>"; };
		79AA713B28C407F500A91055 /* IkaError.swift */ = {isa = PBXFileReference; lastKnownFileType = sourcecode.swift; path = IkaError.swift; sourceTree = "<group>"; };
		79AA713E28C4085600A91055 /* GameMode.swift */ = {isa = PBXFileReference; lastKnownFileType = sourcecode.swift; path = GameMode.swift; sourceTree = "<group>"; };
		79AA714028C4087300A91055 /* BattleMode.swift */ = {isa = PBXFileReference; lastKnownFileType = sourcecode.swift; path = BattleMode.swift; sourceTree = "<group>"; };
		79AA714328C408B500A91055 /* BattleRule.swift */ = {isa = PBXFileReference; lastKnownFileType = sourcecode.swift; path = BattleRule.swift; sourceTree = "<group>"; };
		79AA714628C4090A00A91055 /* RotationProtocol.swift */ = {isa = PBXFileReference; lastKnownFileType = sourcecode.swift; path = RotationProtocol.swift; sourceTree = "<group>"; };
		79AA714828C4095100A91055 /* BattleRotation.swift */ = {isa = PBXFileReference; lastKnownFileType = sourcecode.swift; path = BattleRotation.swift; sourceTree = "<group>"; };
		79AA714A28C411EB00A91055 /* BattleRotationDict.swift */ = {isa = PBXFileReference; lastKnownFileType = sourcecode.swift; path = BattleRotationDict.swift; sourceTree = "<group>"; };
		79AA714C28C412E800A91055 /* SalmonRotation.swift */ = {isa = PBXFileReference; lastKnownFileType = sourcecode.swift; path = SalmonRotation.swift; sourceTree = "<group>"; };
		79AA714F28C413A900A91055 /* BattleStage.swift */ = {isa = PBXFileReference; lastKnownFileType = sourcecode.swift; path = BattleStage.swift; sourceTree = "<group>"; };
		79AA715128C4145E00A91055 /* SalmonStage.swift */ = {isa = PBXFileReference; lastKnownFileType = sourcecode.swift; path = SalmonStage.swift; sourceTree = "<group>"; };
		79AA715428C414FB00A91055 /* IkaWeapon.swift */ = {isa = PBXFileReference; lastKnownFileType = sourcecode.swift; path = IkaWeapon.swift; sourceTree = "<group>"; };
		79AA715628C415A600A91055 /* SalmonWeapon.swift */ = {isa = PBXFileReference; lastKnownFileType = sourcecode.swift; path = SalmonWeapon.swift; sourceTree = "<group>"; };
		79AA715828C4160D00A91055 /* MysteryWeapon.swift */ = {isa = PBXFileReference; lastKnownFileType = sourcecode.swift; path = MysteryWeapon.swift; sourceTree = "<group>"; };
		79B92BB228B03B1F00544939 /* Ikalendar2.app */ = {isa = PBXFileReference; explicitFileType = wrapper.application; includeInIndex = 0; path = Ikalendar2.app; sourceTree = BUILT_PRODUCTS_DIR; };
		79B92BB528B03B1F00544939 /* Ikalendar2App.swift */ = {isa = PBXFileReference; lastKnownFileType = sourcecode.swift; path = Ikalendar2App.swift; sourceTree = "<group>"; };
		79B92BB728B03B1F00544939 /* ContentView.swift */ = {isa = PBXFileReference; lastKnownFileType = sourcecode.swift; path = ContentView.swift; sourceTree = "<group>"; };
		79B92BB928B03B2200544939 /* Assets.xcassets */ = {isa = PBXFileReference; lastKnownFileType = folder.assetcatalog; path = Assets.xcassets; sourceTree = "<group>"; };
		79B92BC328B03BC000544939 /* Info.plist */ = {isa = PBXFileReference; lastKnownFileType = text.plist; path = Info.plist; sourceTree = "<group>"; };
		79B92BCA28B044A200544939 /* .swiftformat */ = {isa = PBXFileReference; lastKnownFileType = text; path = .swiftformat; sourceTree = "<group>"; };
		79B92BCC28B044B400544939 /* .swiftlint.yml */ = {isa = PBXFileReference; lastKnownFileType = text.yaml; path = .swiftlint.yml; sourceTree = "<group>"; };
		79C1485728C427B300587C6E /* Constants.swift */ = {isa = PBXFileReference; lastKnownFileType = sourcecode.swift; path = Constants.swift; sourceTree = "<group>"; };
		79C1485928C42A3B00587C6E /* KeyConstants.swift */ = {isa = PBXFileReference; lastKnownFileType = sourcecode.swift; path = KeyConstants.swift; sourceTree = "<group>"; };
		79C1485B28C42CDE00587C6E /* StyleConstants.swift */ = {isa = PBXFileReference; lastKnownFileType = sourcecode.swift; path = StyleConstants.swift; sourceTree = "<group>"; };
		79D3E66E28C41CCE00005DB5 /* FootApparel.swift */ = {isa = PBXFileReference; lastKnownFileType = sourcecode.swift; path = FootApparel.swift; sourceTree = "<group>"; };
		79D3E67028C41D7B00005DB5 /* SalmonApparel.swift */ = {isa = PBXFileReference; lastKnownFileType = sourcecode.swift; path = SalmonApparel.swift; sourceTree = "<group>"; };
		79D3E67228C41DD900005DB5 /* HeadApparel.swift */ = {isa = PBXFileReference; lastKnownFileType = sourcecode.swift; path = HeadApparel.swift; sourceTree = "<group>"; };
/* End PBXFileReference section */

/* Begin PBXFrameworksBuildPhase section */
		79B92BAF28B03B1F00544939 /* Frameworks */ = {
			isa = PBXFrameworksBuildPhase;
			buildActionMask = 2147483647;
			files = (
			);
			runOnlyForDeploymentPostprocessing = 0;
		};
/* End PBXFrameworksBuildPhase section */

/* Begin PBXGroup section */
		7903FE2028C42E4C00245586 /* Extensions */ = {
			isa = PBXGroup;
			children = (
				7903FE4428C45CE900245586 /* ScrollView+Ext.swift */,
				7903FE4628C45D8000245586 /* DateFormatter+Ext.swift */,
				7903FE4828C45DFC00245586 /* Date+Ext.swift */,
				7903FE4A28C45E7D00245586 /* String+Ext.swift */,
				7903FE4C28C45ED200245586 /* View+Ext.swift */,
				7903FE4E28C45F0300245586 /* LocalizedStringKey+Ext.swift */,
				7903FE5028C45F3600245586 /* Color+Ext.swift */,
				7903FE5228C45F4400245586 /* Binding+Ext.swift */,
			);
			path = Extensions;
			sourceTree = "<group>";
		};
		7903FE2128C430C700245586 /* Modifiers */ = {
			isa = PBXGroup;
			children = (
				7903FE2F28C437F900245586 /* QuickBorder.swift */,
				7903FE3128C4385B00245586 /* SilhouetteFrame.swift */,
				7903FE3328C438B400245586 /* FontIka.swift */,
				7903FE3528C438FC00245586 /* RoundedFont.swift */,
				7903FE3728C4395600245586 /* ScaledLimitedLine.swift */,
				7903FE3928C439A600245586 /* TappableAreaFrame.swift */,
			);
			path = Modifiers;
			sourceTree = "<group>";
		};
		7903FE2228C430E400245586 /* DeviceManagers */ = {
			isa = PBXGroup;
			children = (
				7903FE5428C45FBF00245586 /* MotionManager.swift */,
				79802FF928C55B740048C478 /* ColorSchemeManager.swift */,
			);
			path = DeviceManagers;
			sourceTree = "<group>";
		};
		7903FE2328C4310700245586 /* Others */ = {
			isa = PBXGroup;
			children = (
				7903FE5628C460C600245586 /* TimeLength.swift */,
				79189B4728C95E75006E78F9 /* OffsettableScrollView.swift */,
			);
			path = Others;
			sourceTree = "<group>";
		};
		7903FE2428C4312200245586 /* UIKitIntegrations */ = {
			isa = PBXGroup;
			children = (
				7903FE5828C4613500245586 /* ModalDismissable.swift */,
				7903FE5A28C4619C00245586 /* UIKitIntegration.swift */,
			);
			path = UIKitIntegrations;
			sourceTree = "<group>";
		};
		7903FE3B28C439D600245586 /* Resources */ = {
			isa = PBXGroup;
			children = (
				7903FE3D28C43A0F00245586 /* Inkling_v2.otf */,
				7903FE3C28C43A0F00245586 /* Splatfont.ttf */,
				7903FE3E28C43A0F00245586 /* Splatfont2.ttf */,
			);
			path = Resources;
			sourceTree = "<group>";
		};
		7903FE5C28C4622400245586 /* Components */ = {
			isa = PBXGroup;
			children = (
				7903FE7728C46D8D00245586 /* Rotations */,
				7903FE7828C46D9B00245586 /* Overlays */,
				7903FE7928C46DAE00245586 /* Buttons */,
				7903FE5D28C4623000245586 /* UIViewRepresentables */,
			);
			path = Components;
			sourceTree = "<group>";
		};
		7903FE5D28C4623000245586 /* UIViewRepresentables */ = {
			isa = PBXGroup;
			children = (
				7903FE5E28C4625B00245586 /* SwiftUIBlur.swift */,
			);
			path = UIViewRepresentables;
			sourceTree = "<group>";
		};
		7903FE6628C46C1100245586 /* RotationListView */ = {
			isa = PBXGroup;
			children = (
				7903FE6928C46C6B00245586 /* BattleRotationListView.swift */,
				7903FE6B28C46CAF00245586 /* SalmonRotationListView.swift */,
			);
			path = RotationListView;
			sourceTree = "<group>";
		};
		7903FE6728C46C2900245586 /* SettingsView */ = {
			isa = PBXGroup;
			children = (
				7903FE6D28C46CD200245586 /* SettingsMainView.swift */,
				7903FE6F28C46CEF00245586 /* SettingsAppIconView.swift */,
				792E1FBC28DE89C100C3789D /* SettingsAdvancedView.swift */,
				7903FE7128C46D1800245586 /* SettingsAboutView.swift */,
				7903FE7328C46D4100245586 /* SettingsCreditsView.swift */,
			);
			path = SettingsView;
			sourceTree = "<group>";
		};
		7903FE6828C46C3300245586 /* OnboardingView */ = {
			isa = PBXGroup;
			children = (
				7903FE7528C46D6100245586 /* OnboardingView.swift */,
			);
			path = OnboardingView;
			sourceTree = "<group>";
		};
		7903FE7728C46D8D00245586 /* Rotations */ = {
			isa = PBXGroup;
			children = (
				7903FE7D28C46E9100245586 /* Rows */,
				7903FE7C28C46E8B00245586 /* Cells */,
				7903FE7B28C46E8300245586 /* Cards */,
				7903FE7A28C46E7D00245586 /* Labels */,
			);
			path = Rotations;
			sourceTree = "<group>";
		};
		7903FE7828C46D9B00245586 /* Overlays */ = {
			isa = PBXGroup;
			children = (
				7903FE8F28C4701000245586 /* ModeIconStamp.swift */,
				7903FE9128C4701000245586 /* LoadingOverlay.swift */,
				7903FE9028C4701000245586 /* AutoLoadingOverlay.swift */,
			);
			path = Overlays;
			sourceTree = "<group>";
		};
		7903FE7928C46DAE00245586 /* Buttons */ = {
			isa = PBXGroup;
			children = (
				7903FE8E28C46FEE00245586 /* ToolbarButtons */,
			);
			path = Buttons;
			sourceTree = "<group>";
		};
		7903FE7A28C46E7D00245586 /* Labels */ = {
			isa = PBXGroup;
			children = (
				7903FE8C28C46F9100245586 /* StageTitleLabel.swift */,
			);
			path = Labels;
			sourceTree = "<group>";
		};
		7903FE7B28C46E8300245586 /* Cards */ = {
			isa = PBXGroup;
			children = (
				7903FE8628C46F5F00245586 /* BattleRotationStageCard.swift */,
				7903FE8828C46F6B00245586 /* SalmonRotationStageCard.swift */,
				7903FE8A28C46F7A00245586 /* SalmonRotationWeaponCard.swift */,
			);
			path = Cards;
			sourceTree = "<group>";
		};
		7903FE7C28C46E8B00245586 /* Cells */ = {
			isa = PBXGroup;
			children = (
				7903FE8228C46F2200245586 /* BattleRotationCell.swift */,
				7903FE8428C46F3E00245586 /* SalmonRotationCell.swift */,
			);
			path = Cells;
			sourceTree = "<group>";
		};
		7903FE7D28C46E9100245586 /* Rows */ = {
			isa = PBXGroup;
			children = (
				7903FE7E28C46EA500245586 /* BattleRotationRow.swift */,
				7903FE8028C46F0600245586 /* SalmonRotationRow.swift */,
			);
			path = Rows;
			sourceTree = "<group>";
		};
		7903FE8E28C46FEE00245586 /* ToolbarButtons */ = {
			isa = PBXGroup;
			children = (
				7903FE9828C4702100245586 /* ToolbarButtonAlignment.swift */,
				7903FE9528C4702100245586 /* ToolbarSettingsButton.swift */,
				7903FE9928C4702100245586 /* ToolbarRefreshButton.swift */,
				7903FE9728C4702100245586 /* ToolbarGameModeSwitchButton.swift */,
			);
			path = ToolbarButtons;
			sourceTree = "<group>";
		};
		7903FE9F28C4721A00245586 /* Localizations */ = {
			isa = PBXGroup;
			children = (
				7903FEA428C472E800245586 /* Localizable.strings */,
			);
			path = Localizations;
			sourceTree = "<group>";
		};
		79802FE828C54E9D0048C478 /* Tests */ = {
			isa = PBXGroup;
			children = (
			);
			path = Tests;
			sourceTree = "<group>";
		};
		79802FEB28C55B2A0048C478 /* _Deprecated&Drafts */ = {
			isa = PBXGroup;
			children = (
				79802FEC28C55B2A0048C478 /* Deprecated-Publishers */,
				79802FEE28C55B2A0048C478 /* DetailView */,
				79802FF528C55B2A0048C478 /* NetworkManager */,
				79802FF728C55B2A0048C478 /* SidebarView.swift */,
				79802FF828C55B2A0048C478 /* FlatMode.swift */,
			);
			path = "_Deprecated&Drafts";
			sourceTree = "<group>";
		};
		79802FEC28C55B2A0048C478 /* Deprecated-Publishers */ = {
			isa = PBXGroup;
			children = (
				79802FED28C55B2A0048C478 /* Deprecated-Publisher.swift */,
			);
			path = "Deprecated-Publishers";
			sourceTree = "<group>";
		};
		79802FEE28C55B2A0048C478 /* DetailView */ = {
			isa = PBXGroup;
			children = (
				79802FEF28C55B2A0048C478 /* RuleDetailView.swift */,
				79802FF028C55B2A0048C478 /* StageDetailView.swift */,
				79802FF128C55B2A0048C478 /* Detail-Components */,
			);
			path = DetailView;
			sourceTree = "<group>";
		};
		79802FF128C55B2A0048C478 /* Detail-Components */ = {
			isa = PBXGroup;
			children = (
				79802FF228C55B2A0048C478 /* MapView.swift */,
				79802FF328C55B2A0048C478 /* CircleImage.swift */,
				79802FF428C55B2A0048C478 /* Coordinate2D.swift */,
			);
			path = "Detail-Components";
			sourceTree = "<group>";
		};
		79802FF528C55B2A0048C478 /* NetworkManager */ = {
			isa = PBXGroup;
			children = (
				79802FF628C55B2A0048C478 /* NetworkManager.swift */,
			);
			path = NetworkManager;
			sourceTree = "<group>";
		};
		79AA712D28C4000400A91055 /* Models */ = {
			isa = PBXGroup;
			children = (
				79AA713728C4077F00A91055 /* MockData */,
				79AA712E28C404E400A91055 /* Envs */,
				79AA713A28C407DA00A91055 /* Errors */,
				79AA713D28C4083C00A91055 /* Modes+Rules */,
				79AA714528C408EF00A91055 /* Rotations */,
				79AA714E28C4139000A91055 /* Stages */,
				79AA715328C414E200A91055 /* Weapons */,
				79AA715A28C41A6100A91055 /* Apparels */,
			);
			path = Models;
			sourceTree = "<group>";
		};
		79AA712E28C404E400A91055 /* Envs */ = {
			isa = PBXGroup;
			children = (
				79AA712F28C404FD00A91055 /* IkaPreference.swift */,
				79AA713128C4052300A91055 /* IkaCatalog.swift */,
				79AA713328C4056700A91055 /* IkaTimer.swift */,
				79AA713528C4070700A91055 /* IkaStatus.swift */,
			);
			path = Envs;
			sourceTree = "<group>";
		};
		79AA713728C4077F00A91055 /* MockData */ = {
			isa = PBXGroup;
			children = (
				79AA713828C4079900A91055 /* IkaMockData.swift */,
			);
			path = MockData;
			sourceTree = "<group>";
		};
		79AA713A28C407DA00A91055 /* Errors */ = {
			isa = PBXGroup;
			children = (
				79AA713B28C407F500A91055 /* IkaError.swift */,
			);
			path = Errors;
			sourceTree = "<group>";
		};
		79AA713D28C4083C00A91055 /* Modes+Rules */ = {
			isa = PBXGroup;
			children = (
				79AA713E28C4085600A91055 /* GameMode.swift */,
				79AA714028C4087300A91055 /* BattleMode.swift */,
				79AA714328C408B500A91055 /* BattleRule.swift */,
			);
			path = "Modes+Rules";
			sourceTree = "<group>";
		};
		79AA714528C408EF00A91055 /* Rotations */ = {
			isa = PBXGroup;
			children = (
				79AA714628C4090A00A91055 /* RotationProtocol.swift */,
				79AA714828C4095100A91055 /* BattleRotation.swift */,
				79AA714A28C411EB00A91055 /* BattleRotationDict.swift */,
				79AA714C28C412E800A91055 /* SalmonRotation.swift */,
			);
			path = Rotations;
			sourceTree = "<group>";
		};
		79AA714E28C4139000A91055 /* Stages */ = {
			isa = PBXGroup;
			children = (
				79AA714F28C413A900A91055 /* BattleStage.swift */,
				79AA715128C4145E00A91055 /* SalmonStage.swift */,
			);
			path = Stages;
			sourceTree = "<group>";
		};
		79AA715328C414E200A91055 /* Weapons */ = {
			isa = PBXGroup;
			children = (
				79AA715628C415A600A91055 /* SalmonWeapon.swift */,
				79AA715428C414FB00A91055 /* IkaWeapon.swift */,
				79AA715828C4160D00A91055 /* MysteryWeapon.swift */,
				7903FE4228C43AB800245586 /* GrizzcoWeapon.swift */,
			);
			path = Weapons;
			sourceTree = "<group>";
		};
		79AA715A28C41A6100A91055 /* Apparels */ = {
			isa = PBXGroup;
			children = (
				79D3E67028C41D7B00005DB5 /* SalmonApparel.swift */,
				79D3E67228C41DD900005DB5 /* HeadApparel.swift */,
				797BDCAF28C41BD900A13F34 /* BodyApparel.swift */,
				79D3E66E28C41CCE00005DB5 /* FootApparel.swift */,
			);
			path = Apparels;
			sourceTree = "<group>";
		};
		79B92BA928B03B1F00544939 = {
			isa = PBXGroup;
			children = (
				79B92BB428B03B1F00544939 /* Ikalendar2 */,
				79B92BC728B0445800544939 /* Imports */,
				79B92BC928B0448300544939 /* LinterConfigs */,
				79B92BB328B03B1F00544939 /* Products */,
			);
			sourceTree = "<group>";
		};
		79B92BB328B03B1F00544939 /* Products */ = {
			isa = PBXGroup;
			children = (
				79B92BB228B03B1F00544939 /* Ikalendar2.app */,
			);
			name = Products;
			sourceTree = "<group>";
		};
		79B92BB428B03B1F00544939 /* Ikalendar2 */ = {
			isa = PBXGroup;
			children = (
				79B92BB928B03B2200544939 /* Assets.xcassets */,
				79B92BC328B03BC000544939 /* Info.plist */,
				79B92BB528B03B1F00544939 /* Ikalendar2App.swift */,
				79802FE828C54E9D0048C478 /* Tests */,
				79B92BC628B0443C00544939 /* Screens */,
				7903FE5C28C4622400245586 /* Components */,
				79C1485628C4276900587C6E /* Utilities */,
				79AA712D28C4000400A91055 /* Models */,
				79C1485528C426A600587C6E /* Constants */,
				7903FE3B28C439D600245586 /* Resources */,
				7903FE9F28C4721A00245586 /* Localizations */,
				79802FEB28C55B2A0048C478 /* _Deprecated&Drafts */,
				79C1485428C425BF00587C6E /* Preview Content */,
			);
			path = Ikalendar2;
			sourceTree = "<group>";
		};
		79B92BC628B0443C00544939 /* Screens */ = {
			isa = PBXGroup;
			children = (
				7903FE6028C46A1700245586 /* RootView.swift */,
				7903FE6228C46A3400245586 /* MainView.swift */,
				79B92BB728B03B1F00544939 /* ContentView.swift */,
				7903FE6428C46A4D00245586 /* ErrorView.swift */,
				7903FE6628C46C1100245586 /* RotationListView */,
				7903FE6728C46C2900245586 /* SettingsView */,
				7903FE6828C46C3300245586 /* OnboardingView */,
			);
			path = Screens;
			sourceTree = "<group>";
		};
		79B92BC728B0445800544939 /* Imports */ = {
			isa = PBXGroup;
			children = (
				7903FE2928C4349E00245586 /* SwiftyJSON.swift */,
				7903FE2B28C4368D00245586 /* ListSeparator.swift */,
				7903FE2D28C436D000245586 /* SimpleHaptics.swift */,
			);
			path = Imports;
			sourceTree = "<group>";
		};
		79B92BC928B0448300544939 /* LinterConfigs */ = {
			isa = PBXGroup;
			children = (
				79B92BCA28B044A200544939 /* .swiftformat */,
				79B92BCC28B044B400544939 /* .swiftlint.yml */,
			);
			name = LinterConfigs;
			sourceTree = "<group>";
		};
		79C1485428C425BF00587C6E /* Preview Content */ = {
			isa = PBXGroup;
			children = (
			);
			path = "Preview Content";
			sourceTree = "<group>";
		};
		79C1485528C426A600587C6E /* Constants */ = {
			isa = PBXGroup;
			children = (
				79C1485728C427B300587C6E /* Constants.swift */,
				79C1485928C42A3B00587C6E /* KeyConstants.swift */,
				79C1485B28C42CDE00587C6E /* StyleConstants.swift */,
			);
			path = Constants;
			sourceTree = "<group>";
		};
		79C1485628C4276900587C6E /* Utilities */ = {
			isa = PBXGroup;
			children = (
				79C1485D28C42D4A00587C6E /* Publishers */,
				79C1485E28C42D6600587C6E /* Decoders */,
				7903FE2128C430C700245586 /* Modifiers */,
				7903FE2028C42E4C00245586 /* Extensions */,
				7903FE2228C430E400245586 /* DeviceManagers */,
				7903FE2428C4312200245586 /* UIKitIntegrations */,
				7903FE2328C4310700245586 /* Others */,
			);
			path = Utilities;
			sourceTree = "<group>";
		};
		79C1485D28C42D4A00587C6E /* Publishers */ = {
			isa = PBXGroup;
			children = (
				7903FE2728C4325600245586 /* IkaPublisher.swift */,
			);
			path = Publishers;
			sourceTree = "<group>";
		};
		79C1485E28C42D6600587C6E /* Decoders */ = {
			isa = PBXGroup;
			children = (
				7903FE2528C4322100245586 /* IkaDecoder.swift */,
			);
			path = Decoders;
			sourceTree = "<group>";
		};
/* End PBXGroup section */

/* Begin PBXNativeTarget section */
		79B92BB128B03B1F00544939 /* Ikalendar2 */ = {
			isa = PBXNativeTarget;
			buildConfigurationList = 79B92BC028B03B2200544939 /* Build configuration list for PBXNativeTarget "Ikalendar2" */;
			buildPhases = (
				79B92BAE28B03B1F00544939 /* Sources */,
				79B92BAF28B03B1F00544939 /* Frameworks */,
				79B92BB028B03B1F00544939 /* Resources */,
				79802FFB28C5D4EF0048C478 /* Run SwiftLint */,
			);
			buildRules = (
			);
			dependencies = (
			);
			name = Ikalendar2;
			productName = Ikalendar2;
			productReference = 79B92BB228B03B1F00544939 /* Ikalendar2.app */;
			productType = "com.apple.product-type.application";
		};
/* End PBXNativeTarget section */

/* Begin PBXProject section */
		79B92BAA28B03B1F00544939 /* Project object */ = {
			isa = PBXProject;
			attributes = {
				BuildIndependentTargetsInParallel = 1;
				LastSwiftUpdateCheck = 1400;
				LastUpgradeCheck = 1400;
				TargetAttributes = {
					79B92BB128B03B1F00544939 = {
						CreatedOnToolsVersion = 14.0;
					};
				};
			};
			buildConfigurationList = 79B92BAD28B03B1F00544939 /* Build configuration list for PBXProject "Ikalendar2" */;
			compatibilityVersion = "Xcode 14.0";
			developmentRegion = en;
			hasScannedForEncodings = 0;
			knownRegions = (
				en,
				Base,
				ja,
			);
			mainGroup = 79B92BA928B03B1F00544939;
			productRefGroup = 79B92BB328B03B1F00544939 /* Products */;
			projectDirPath = "";
			projectRoot = "";
			targets = (
				79B92BB128B03B1F00544939 /* Ikalendar2 */,
			);
		};
/* End PBXProject section */

/* Begin PBXResourcesBuildPhase section */
		79B92BB028B03B1F00544939 /* Resources */ = {
			isa = PBXResourcesBuildPhase;
			buildActionMask = 2147483647;
			files = (
				7903FE3F28C43A0F00245586 /* Splatfont.ttf in Resources */,
				7903FE4128C43A0F00245586 /* Splatfont2.ttf in Resources */,
				7903FE4028C43A0F00245586 /* Inkling_v2.otf in Resources */,
				7903FEA228C472E800245586 /* Localizable.strings in Resources */,
				79B92BCD28B044B400544939 /* .swiftlint.yml in Resources */,
				79B92BBA28B03B2200544939 /* Assets.xcassets in Resources */,
				79B92BCB28B044A200544939 /* .swiftformat in Resources */,
			);
			runOnlyForDeploymentPostprocessing = 0;
		};
/* End PBXResourcesBuildPhase section */

/* Begin PBXShellScriptBuildPhase section */
		79802FFB28C5D4EF0048C478 /* Run SwiftLint */ = {
			isa = PBXShellScriptBuildPhase;
			alwaysOutOfDate = 1;
			buildActionMask = 2147483647;
			files = (
			);
			inputFileListPaths = (
			);
			inputPaths = (
			);
			name = "Run SwiftLint";
			outputFileListPaths = (
			);
			outputPaths = (
			);
			runOnlyForDeploymentPostprocessing = 0;
			shellPath = /bin/sh;
			shellScript = "if test -d \"/opt/homebrew/bin/\"; then\n  PATH=\"/opt/homebrew/bin/:${PATH}\"\nfi\n\nexport PATH\n\nif which swiftlint >/dev/null; then\n  swiftlint\nelse\n  echo \"warning: SwiftLint not installed, download from https://github.com/realm/SwiftLint\"\nfi\n";
		};
/* End PBXShellScriptBuildPhase section */

/* Begin PBXSourcesBuildPhase section */
		79B92BAE28B03B1F00544939 /* Sources */ = {
			isa = PBXSourcesBuildPhase;
			buildActionMask = 2147483647;
			files = (
				79C1485828C427B300587C6E /* Constants.swift in Sources */,
				7903FE3428C438B400245586 /* FontIka.swift in Sources */,
				79802FFA28C55B740048C478 /* ColorSchemeManager.swift in Sources */,
				7903FE9A28C4702100245586 /* ToolbarSettingsButton.swift in Sources */,
				797BDCB028C41BD900A13F34 /* BodyApparel.swift in Sources */,
				7903FE8728C46F5F00245586 /* BattleRotationStageCard.swift in Sources */,
				79AA713C28C407F500A91055 /* IkaError.swift in Sources */,
				79189B4828C95E75006E78F9 /* OffsettableScrollView.swift in Sources */,
				7903FE2A28C4349E00245586 /* SwiftyJSON.swift in Sources */,
				7903FE4F28C45F0300245586 /* LocalizedStringKey+Ext.swift in Sources */,
				7903FE2E28C436D000245586 /* SimpleHaptics.swift in Sources */,
				7903FE3228C4385B00245586 /* SilhouetteFrame.swift in Sources */,
				7903FE6E28C46CD200245586 /* SettingsMainView.swift in Sources */,
				7903FE7228C46D1800245586 /* SettingsAboutView.swift in Sources */,
				7903FE9C28C4702100245586 /* ToolbarGameModeSwitchButton.swift in Sources */,
				7903FE5328C45F4400245586 /* Binding+Ext.swift in Sources */,
				7903FE9328C4701000245586 /* AutoLoadingOverlay.swift in Sources */,
				792E1FBD28DE89C100C3789D /* SettingsAdvancedView.swift in Sources */,
				79AA715228C4145E00A91055 /* SalmonStage.swift in Sources */,
				7903FE6528C46A4D00245586 /* ErrorView.swift in Sources */,
				7903FE9E28C4702100245586 /* ToolbarRefreshButton.swift in Sources */,
				7903FE3628C438FC00245586 /* RoundedFont.swift in Sources */,
				79B92BB828B03B1F00544939 /* ContentView.swift in Sources */,
				7903FE5F28C4625B00245586 /* SwiftUIBlur.swift in Sources */,
				79AA713628C4070700A91055 /* IkaStatus.swift in Sources */,
				79AA714928C4095100A91055 /* BattleRotation.swift in Sources */,
				7903FE2C28C4368D00245586 /* ListSeparator.swift in Sources */,
				79D3E66F28C41CCE00005DB5 /* FootApparel.swift in Sources */,
				79AA714728C4090A00A91055 /* RotationProtocol.swift in Sources */,
				7903FE5728C460C600245586 /* TimeLength.swift in Sources */,
				7903FE6328C46A3400245586 /* MainView.swift in Sources */,
				79AA714B28C411EB00A91055 /* BattleRotationDict.swift in Sources */,
				7903FE6128C46A1700245586 /* RootView.swift in Sources */,
				7903FE2828C4325600245586 /* IkaPublisher.swift in Sources */,
				79AA714428C408B500A91055 /* BattleRule.swift in Sources */,
				7903FE5128C45F3600245586 /* Color+Ext.swift in Sources */,
				79AA713028C404FD00A91055 /* IkaPreference.swift in Sources */,
				7903FE7F28C46EA500245586 /* BattleRotationRow.swift in Sources */,
				7903FE9228C4701000245586 /* ModeIconStamp.swift in Sources */,
				79AA714128C4087300A91055 /* BattleMode.swift in Sources */,
				79AA714D28C412E800A91055 /* SalmonRotation.swift in Sources */,
				79AA715728C415A600A91055 /* SalmonWeapon.swift in Sources */,
				79B92BB628B03B1F00544939 /* Ikalendar2App.swift in Sources */,
				7903FE5B28C4619C00245586 /* UIKitIntegration.swift in Sources */,
				79AA713F28C4085600A91055 /* GameMode.swift in Sources */,
				7903FE8128C46F0600245586 /* SalmonRotationRow.swift in Sources */,
				79C1485A28C42A3B00587C6E /* KeyConstants.swift in Sources */,
				79AA715028C413A900A91055 /* BattleStage.swift in Sources */,
				79AA713928C4079900A91055 /* IkaMockData.swift in Sources */,
				79D3E67128C41D7B00005DB5 /* SalmonApparel.swift in Sources */,
				7903FE8D28C46F9100245586 /* StageTitleLabel.swift in Sources */,
				7903FE5928C4613500245586 /* ModalDismissable.swift in Sources */,
				7903FE5528C45FC000245586 /* MotionManager.swift in Sources */,
				7903FE8528C46F3E00245586 /* SalmonRotationCell.swift in Sources */,
				7903FE9D28C4702100245586 /* ToolbarButtonAlignment.swift in Sources */,
				79D3E67328C41DD900005DB5 /* HeadApparel.swift in Sources */,
				7903FE3028C437F900245586 /* QuickBorder.swift in Sources */,
				7903FE2628C4322100245586 /* IkaDecoder.swift in Sources */,
				7903FE3A28C439A600245586 /* TappableAreaFrame.swift in Sources */,
				79C1485C28C42CDE00587C6E /* StyleConstants.swift in Sources */,
				7903FE4928C45DFC00245586 /* Date+Ext.swift in Sources */,
				7903FE3828C4395600245586 /* ScaledLimitedLine.swift in Sources */,
				7903FE7028C46CEF00245586 /* SettingsAppIconView.swift in Sources */,
				79AA713428C4056700A91055 /* IkaTimer.swift in Sources */,
				7903FE4B28C45E7D00245586 /* String+Ext.swift in Sources */,
				7903FE8B28C46F7A00245586 /* SalmonRotationWeaponCard.swift in Sources */,
				7903FE8328C46F2200245586 /* BattleRotationCell.swift in Sources */,
				7903FE8928C46F6B00245586 /* SalmonRotationStageCard.swift in Sources */,
				7903FE7628C46D6100245586 /* OnboardingView.swift in Sources */,
				79AA715928C4160D00A91055 /* MysteryWeapon.swift in Sources */,
				7903FE4728C45D8000245586 /* DateFormatter+Ext.swift in Sources */,
				7903FE6A28C46C6B00245586 /* BattleRotationListView.swift in Sources */,
				7903FE6C28C46CAF00245586 /* SalmonRotationListView.swift in Sources */,
				7903FE7428C46D4100245586 /* SettingsCreditsView.swift in Sources */,
				7903FE4328C43AB800245586 /* GrizzcoWeapon.swift in Sources */,
				7903FE4D28C45ED200245586 /* View+Ext.swift in Sources */,
				7903FE4528C45CE900245586 /* ScrollView+Ext.swift in Sources */,
				79AA713228C4052300A91055 /* IkaCatalog.swift in Sources */,
				7903FE9428C4701000245586 /* LoadingOverlay.swift in Sources */,
				79AA715528C414FB00A91055 /* IkaWeapon.swift in Sources */,
			);
			runOnlyForDeploymentPostprocessing = 0;
		};
/* End PBXSourcesBuildPhase section */

/* Begin PBXVariantGroup section */
		7903FEA428C472E800245586 /* Localizable.strings */ = {
			isa = PBXVariantGroup;
			children = (
				7903FEA328C472E800245586 /* en */,
				7903FEA528C472EB00245586 /* ja */,
			);
			name = Localizable.strings;
			sourceTree = "<group>";
		};
/* End PBXVariantGroup section */

/* Begin XCBuildConfiguration section */
		79B92BBE28B03B2200544939 /* Debug */ = {
			isa = XCBuildConfiguration;
			buildSettings = {
				ALWAYS_SEARCH_USER_PATHS = NO;
				CLANG_ANALYZER_NONNULL = YES;
				CLANG_ANALYZER_NUMBER_OBJECT_CONVERSION = YES_AGGRESSIVE;
				CLANG_CXX_LANGUAGE_STANDARD = "gnu++20";
				CLANG_ENABLE_MODULES = YES;
				CLANG_ENABLE_OBJC_ARC = YES;
				CLANG_ENABLE_OBJC_WEAK = YES;
				CLANG_WARN_BLOCK_CAPTURE_AUTORELEASING = YES;
				CLANG_WARN_BOOL_CONVERSION = YES;
				CLANG_WARN_COMMA = YES;
				CLANG_WARN_CONSTANT_CONVERSION = YES;
				CLANG_WARN_DEPRECATED_OBJC_IMPLEMENTATIONS = YES;
				CLANG_WARN_DIRECT_OBJC_ISA_USAGE = YES_ERROR;
				CLANG_WARN_DOCUMENTATION_COMMENTS = YES;
				CLANG_WARN_EMPTY_BODY = YES;
				CLANG_WARN_ENUM_CONVERSION = YES;
				CLANG_WARN_INFINITE_RECURSION = YES;
				CLANG_WARN_INT_CONVERSION = YES;
				CLANG_WARN_NON_LITERAL_NULL_CONVERSION = YES;
				CLANG_WARN_OBJC_IMPLICIT_RETAIN_SELF = YES;
				CLANG_WARN_OBJC_LITERAL_CONVERSION = YES;
				CLANG_WARN_OBJC_ROOT_CLASS = YES_ERROR;
				CLANG_WARN_QUOTED_INCLUDE_IN_FRAMEWORK_HEADER = YES;
				CLANG_WARN_RANGE_LOOP_ANALYSIS = YES;
				CLANG_WARN_STRICT_PROTOTYPES = YES;
				CLANG_WARN_SUSPICIOUS_MOVE = YES;
				CLANG_WARN_UNGUARDED_AVAILABILITY = YES_AGGRESSIVE;
				CLANG_WARN_UNREACHABLE_CODE = YES;
				CLANG_WARN__DUPLICATE_METHOD_MATCH = YES;
				COPY_PHASE_STRIP = NO;
				DEBUG_INFORMATION_FORMAT = dwarf;
				ENABLE_STRICT_OBJC_MSGSEND = YES;
				ENABLE_TESTABILITY = YES;
				GCC_C_LANGUAGE_STANDARD = gnu11;
				GCC_DYNAMIC_NO_PIC = NO;
				GCC_NO_COMMON_BLOCKS = YES;
				GCC_OPTIMIZATION_LEVEL = 0;
				GCC_PREPROCESSOR_DEFINITIONS = (
					"DEBUG=1",
					"$(inherited)",
				);
				GCC_WARN_64_TO_32_BIT_CONVERSION = YES;
				GCC_WARN_ABOUT_RETURN_TYPE = YES_ERROR;
				GCC_WARN_UNDECLARED_SELECTOR = YES;
				GCC_WARN_UNINITIALIZED_AUTOS = YES_AGGRESSIVE;
				GCC_WARN_UNUSED_FUNCTION = YES;
				GCC_WARN_UNUSED_VARIABLE = YES;
				IPHONEOS_DEPLOYMENT_TARGET = 16.0;
				MTL_ENABLE_DEBUG_INFO = INCLUDE_SOURCE;
				MTL_FAST_MATH = YES;
				ONLY_ACTIVE_ARCH = YES;
				SDKROOT = iphoneos;
				SWIFT_ACTIVE_COMPILATION_CONDITIONS = DEBUG;
				SWIFT_OPTIMIZATION_LEVEL = "-Onone";
			};
			name = Debug;
		};
		79B92BBF28B03B2200544939 /* Release */ = {
			isa = XCBuildConfiguration;
			buildSettings = {
				ALWAYS_SEARCH_USER_PATHS = NO;
				CLANG_ANALYZER_NONNULL = YES;
				CLANG_ANALYZER_NUMBER_OBJECT_CONVERSION = YES_AGGRESSIVE;
				CLANG_CXX_LANGUAGE_STANDARD = "gnu++20";
				CLANG_ENABLE_MODULES = YES;
				CLANG_ENABLE_OBJC_ARC = YES;
				CLANG_ENABLE_OBJC_WEAK = YES;
				CLANG_WARN_BLOCK_CAPTURE_AUTORELEASING = YES;
				CLANG_WARN_BOOL_CONVERSION = YES;
				CLANG_WARN_COMMA = YES;
				CLANG_WARN_CONSTANT_CONVERSION = YES;
				CLANG_WARN_DEPRECATED_OBJC_IMPLEMENTATIONS = YES;
				CLANG_WARN_DIRECT_OBJC_ISA_USAGE = YES_ERROR;
				CLANG_WARN_DOCUMENTATION_COMMENTS = YES;
				CLANG_WARN_EMPTY_BODY = YES;
				CLANG_WARN_ENUM_CONVERSION = YES;
				CLANG_WARN_INFINITE_RECURSION = YES;
				CLANG_WARN_INT_CONVERSION = YES;
				CLANG_WARN_NON_LITERAL_NULL_CONVERSION = YES;
				CLANG_WARN_OBJC_IMPLICIT_RETAIN_SELF = YES;
				CLANG_WARN_OBJC_LITERAL_CONVERSION = YES;
				CLANG_WARN_OBJC_ROOT_CLASS = YES_ERROR;
				CLANG_WARN_QUOTED_INCLUDE_IN_FRAMEWORK_HEADER = YES;
				CLANG_WARN_RANGE_LOOP_ANALYSIS = YES;
				CLANG_WARN_STRICT_PROTOTYPES = YES;
				CLANG_WARN_SUSPICIOUS_MOVE = YES;
				CLANG_WARN_UNGUARDED_AVAILABILITY = YES_AGGRESSIVE;
				CLANG_WARN_UNREACHABLE_CODE = YES;
				CLANG_WARN__DUPLICATE_METHOD_MATCH = YES;
				COPY_PHASE_STRIP = NO;
				DEBUG_INFORMATION_FORMAT = "dwarf-with-dsym";
				ENABLE_NS_ASSERTIONS = NO;
				ENABLE_STRICT_OBJC_MSGSEND = YES;
				GCC_C_LANGUAGE_STANDARD = gnu11;
				GCC_NO_COMMON_BLOCKS = YES;
				GCC_WARN_64_TO_32_BIT_CONVERSION = YES;
				GCC_WARN_ABOUT_RETURN_TYPE = YES_ERROR;
				GCC_WARN_UNDECLARED_SELECTOR = YES;
				GCC_WARN_UNINITIALIZED_AUTOS = YES_AGGRESSIVE;
				GCC_WARN_UNUSED_FUNCTION = YES;
				GCC_WARN_UNUSED_VARIABLE = YES;
				IPHONEOS_DEPLOYMENT_TARGET = 16.0;
				MTL_ENABLE_DEBUG_INFO = NO;
				MTL_FAST_MATH = YES;
				SDKROOT = iphoneos;
				SWIFT_COMPILATION_MODE = wholemodule;
				SWIFT_OPTIMIZATION_LEVEL = "-O";
				VALIDATE_PRODUCT = YES;
			};
			name = Release;
		};
		79B92BC128B03B2200544939 /* Debug */ = {
			isa = XCBuildConfiguration;
			buildSettings = {
				ASSETCATALOG_COMPILER_APPICON_NAME = AppIcon;
				ASSETCATALOG_COMPILER_GLOBAL_ACCENT_COLOR_NAME = AccentColor;
				ASSETCATALOG_COMPILER_INCLUDE_ALL_APPICON_ASSETS = YES;
				CODE_SIGN_STYLE = Automatic;
				CURRENT_PROJECT_VERSION = 1860;
				DEVELOPMENT_ASSET_PATHS = "\"Ikalendar2/Preview Content\"";
				DEVELOPMENT_TEAM = 4BQ4DS4G2A;
				ENABLE_PREVIEWS = YES;
				GENERATE_INFOPLIST_FILE = YES;
				INFOPLIST_FILE = Ikalendar2/Info.plist;
				INFOPLIST_KEY_CFBundleDisplayName = ikalendar2;
				INFOPLIST_KEY_LSApplicationCategoryType = "public.app-category.utilities";
				INFOPLIST_KEY_UIApplicationSceneManifest_Generation = YES;
				INFOPLIST_KEY_UIApplicationSupportsIndirectInputEvents = YES;
				INFOPLIST_KEY_UILaunchScreen_Generation = YES;
				INFOPLIST_KEY_UISupportedInterfaceOrientations = UIInterfaceOrientationPortrait;
				INFOPLIST_KEY_UISupportedInterfaceOrientations_iPad = "UIInterfaceOrientationLandscapeLeft UIInterfaceOrientationLandscapeRight UIInterfaceOrientationPortrait UIInterfaceOrientationPortraitUpsideDown";
				LD_RUNPATH_SEARCH_PATHS = (
					"$(inherited)",
					"@executable_path/Frameworks",
				);
				MARKETING_VERSION = 2.3;
				PRODUCT_BUNDLE_IDENTIFIER = edu.illinois.tianwei4.ikalendar2;
				PRODUCT_NAME = "$(TARGET_NAME)";
				SWIFT_EMIT_LOC_STRINGS = YES;
				SWIFT_VERSION = 5.0;
				TARGETED_DEVICE_FAMILY = "1,2";
			};
			name = Debug;
		};
		79B92BC228B03B2200544939 /* Release */ = {
			isa = XCBuildConfiguration;
			buildSettings = {
				ASSETCATALOG_COMPILER_APPICON_NAME = AppIcon;
				ASSETCATALOG_COMPILER_GLOBAL_ACCENT_COLOR_NAME = AccentColor;
				ASSETCATALOG_COMPILER_INCLUDE_ALL_APPICON_ASSETS = YES;
				CODE_SIGN_STYLE = Automatic;
				CURRENT_PROJECT_VERSION = 1860;
				DEVELOPMENT_ASSET_PATHS = "\"Ikalendar2/Preview Content\"";
				DEVELOPMENT_TEAM = 4BQ4DS4G2A;
				ENABLE_PREVIEWS = YES;
				GENERATE_INFOPLIST_FILE = YES;
				INFOPLIST_FILE = Ikalendar2/Info.plist;
				INFOPLIST_KEY_CFBundleDisplayName = ikalendar2;
				INFOPLIST_KEY_LSApplicationCategoryType = "public.app-category.utilities";
				INFOPLIST_KEY_UIApplicationSceneManifest_Generation = YES;
				INFOPLIST_KEY_UIApplicationSupportsIndirectInputEvents = YES;
				INFOPLIST_KEY_UILaunchScreen_Generation = YES;
				INFOPLIST_KEY_UISupportedInterfaceOrientations = UIInterfaceOrientationPortrait;
				INFOPLIST_KEY_UISupportedInterfaceOrientations_iPad = "UIInterfaceOrientationLandscapeLeft UIInterfaceOrientationLandscapeRight UIInterfaceOrientationPortrait UIInterfaceOrientationPortraitUpsideDown";
				LD_RUNPATH_SEARCH_PATHS = (
					"$(inherited)",
					"@executable_path/Frameworks",
				);
				MARKETING_VERSION = 2.3;
				PRODUCT_BUNDLE_IDENTIFIER = edu.illinois.tianwei4.ikalendar2;
				PRODUCT_NAME = "$(TARGET_NAME)";
				SWIFT_EMIT_LOC_STRINGS = YES;
				SWIFT_VERSION = 5.0;
				TARGETED_DEVICE_FAMILY = "1,2";
			};
			name = Release;
		};
/* End XCBuildConfiguration section */

/* Begin XCConfigurationList section */
		79B92BAD28B03B1F00544939 /* Build configuration list for PBXProject "Ikalendar2" */ = {
			isa = XCConfigurationList;
			buildConfigurations = (
				79B92BBE28B03B2200544939 /* Debug */,
				79B92BBF28B03B2200544939 /* Release */,
			);
			defaultConfigurationIsVisible = 0;
			defaultConfigurationName = Release;
		};
		79B92BC028B03B2200544939 /* Build configuration list for PBXNativeTarget "Ikalendar2" */ = {
			isa = XCConfigurationList;
			buildConfigurations = (
				79B92BC128B03B2200544939 /* Debug */,
				79B92BC228B03B2200544939 /* Release */,
			);
			defaultConfigurationIsVisible = 0;
			defaultConfigurationName = Release;
		};
/* End XCConfigurationList section */
	};
	rootObject = 79B92BAA28B03B1F00544939 /* Project object */;
}
