<?xml version="1.0" encoding="UTF-8"?>
<Scheme
   LastUpgradeVersion = "1500"
   version = "2.0">
   <BuildAction
      parallelizeBuildables = "YES"
      buildImplicitDependencies = "YES">
      <PreActions>
         <ExecutionAction
            ActionType = "Xcode.IDEStandardExecutionActionsCore.ExecutionActionType.ShellScriptAction">
            <ActionContent
               title = "Run Xcode format settings"
               scriptText = "set -e&#10;&#10;defaults write com.apple.dt.Xcode AutomaticallyCheckSpellingWhileTyping -bool YES&#10;&#10;defaults write com.apple.dt.Xcode DVTTextEditorTrimTrailingWhitespace -bool YES&#10;defaults write com.apple.dt.Xcode DVTTextEditorTrimWhitespaceOnlyLines -bool YES&#10;&#10;defaults write com.apple.dt.Xcode DVTTextIndentTabWidth -int 2&#10;defaults write com.apple.dt.Xcode DVTTextIndentWidth -int 2&#10;&#10;defaults write com.apple.dt.Xcode DVTTextPageGuideLocation -int 120&#10;">
               <EnvironmentBuildable>
                  <BuildableReference
                     BuildableIdentifier = "primary"
                     BlueprintIdentifier = "79B92BB128B03B1F00544939"
                     BuildableName = "Ikalendar2.app"
                     BlueprintName = "Ikalendar2"
                     ReferencedContainer = "container:Ikalendar2.xcodeproj">
                  </BuildableReference>
               </EnvironmentBuildable>
            </ActionContent>
         </ExecutionAction>
      </PreActions>
      <PostActions>
         <ExecutionAction
            ActionType = "Xcode.IDEStandardExecutionActionsCore.ExecutionActionType.ShellScriptAction">
            <ActionContent
               title = "Bump build number"
               scriptText = "# bump build number up by 1&#10;&#10;cd &quot;${PROJECT_DIR}&quot;&#10;agvtool bump&#10;">
               <EnvironmentBuildable>
                  <BuildableReference
                     BuildableIdentifier = "primary"
                     BlueprintIdentifier = "79B92BB128B03B1F00544939"
                     BuildableName = "Ikalendar2.app"
                     BlueprintName = "Ikalendar2"
                     ReferencedContainer = "container:Ikalendar2.xcodeproj">
                  </BuildableReference>
               </EnvironmentBuildable>
            </ActionContent>
         </ExecutionAction>
         <ExecutionAction
            ActionType = "Xcode.IDEStandardExecutionActionsCore.ExecutionActionType.ShellScriptAction">
            <ActionContent
               title = "Resolve package dependencies"
               scriptText = "# resolve package dependencies&#10;&#10;cd &quot;${PROJECT_DIR}&quot;&#10;xcodebuild -resolvePackageDependencies&#10;">
               <EnvironmentBuildable>
                  <BuildableReference
                     BuildableIdentifier = "primary"
                     BlueprintIdentifier = "79B92BB128B03B1F00544939"
                     BuildableName = "Ikalendar2.app"
                     BlueprintName = "Ikalendar2"
                     ReferencedContainer = "container:Ikalendar2.xcodeproj">
                  </BuildableReference>
               </EnvironmentBuildable>
            </ActionContent>
         </ExecutionAction>
      </PostActions>
      <BuildActionEntries>
         <BuildActionEntry
            buildForTesting = "YES"
            buildForRunning = "YES"
            buildForProfiling = "YES"
            buildForArchiving = "YES"
            buildForAnalyzing = "YES">
            <BuildableReference
               BuildableIdentifier = "primary"
               BlueprintIdentifier = "79B92BB128B03B1F00544939"
               BuildableName = "Ikalendar2.app"
               BlueprintName = "Ikalendar2"
               ReferencedContainer = "container:Ikalendar2.xcodeproj">
            </BuildableReference>
         </BuildActionEntry>
      </BuildActionEntries>
   </BuildAction>
   <TestAction
      buildConfiguration = "Debug"
      selectedDebuggerIdentifier = "Xcode.DebuggerFoundation.Debugger.LLDB"
      selectedLauncherIdentifier = "Xcode.DebuggerFoundation.Launcher.LLDB"
      shouldUseLaunchSchemeArgsEnv = "YES">
      <Testables>
      </Testables>
   </TestAction>
   <LaunchAction
      buildConfiguration = "Debug"
      selectedDebuggerIdentifier = "Xcode.DebuggerFoundation.Debugger.LLDB"
      selectedLauncherIdentifier = "Xcode.DebuggerFoundation.Launcher.LLDB"
      launchStyle = "0"
      useCustomWorkingDirectory = "NO"
      ignoresPersistentStateOnLaunch = "NO"
      debugDocumentVersioning = "NO"
      debugXPCServices = "NO"
      debugServiceExtension = "internal"
      allowLocationSimulation = "NO"
      viewDebuggingEnabled = "No"
      queueDebuggingEnabled = "No">
      <BuildableProductRunnable
         runnableDebuggingMode = "0">
         <BuildableReference
            BuildableIdentifier = "primary"
            BlueprintIdentifier = "79B92BB128B03B1F00544939"
            BuildableName = "Ikalendar2.app"
            BlueprintName = "Ikalendar2"
            ReferencedContainer = "container:Ikalendar2.xcodeproj">
         </BuildableReference>
      </BuildableProductRunnable>
   </LaunchAction>
   <ProfileAction
      buildConfiguration = "Release"
      shouldUseLaunchSchemeArgsEnv = "YES"
      savedToolIdentifier = ""
      useCustomWorkingDirectory = "NO"
      debugDocumentVersioning = "YES">
      <BuildableProductRunnable
         runnableDebuggingMode = "0">
         <BuildableReference
            BuildableIdentifier = "primary"
            BlueprintIdentifier = "79B92BB128B03B1F00544939"
            BuildableName = "Ikalendar2.app"
            BlueprintName = "Ikalendar2"
            ReferencedContainer = "container:Ikalendar2.xcodeproj">
         </BuildableReference>
      </BuildableProductRunnable>
   </ProfileAction>
   <AnalyzeAction
      buildConfiguration = "Debug">
   </AnalyzeAction>
   <ArchiveAction
      buildConfiguration = "Release"
      revealArchiveInOrganizer = "YES">
   </ArchiveAction>
</Scheme>
