{
  "pins" : [
    {
      "identity" : "simplehaptics",
      "kind" : "remoteSourceControl",
      "location" : "https://github.com/notbd/SimpleHaptics",
      "state" : {
        "branch" : "main",
        "revision" : "98a7d86027c3794e8805ac339bb8b85870f15ea0"
      }
    },
    {
      "identity" : "swiftyjson",
      "kind" : "remoteSourceControl",
      "location" : "https://github.com/SwiftyJSON/SwiftyJSON",
      "state" : {
        "revision" : "b3dcd7dbd0d488e1a7077cb33b00f2083e382f07",
        "version" : "5.0.1"
      }
    }
  ],
  "version" : 2
}
